
Microsoft Visual Studio Solution File, Format Version 12.00
# Visual Studio Version 17
VisualStudioVersion = 17.13.35818.85
MinimumVisualStudioVersion = 10.0.40219.1
Project("{FAE04EC0-301F-11D3-BF4B-00C04F79EFBC}") = "PodRacer", "PodRacer\PodRacer.csproj", "{BE5B0994-4980-4A2F-AE78-DD93B9E3D6A3}"
EndProject
Project("{FAE04EC0-301F-11D3-BF4B-00C04F79EFBC}") = "AIChallenges.Common", "AIChallenges.Common\AIChallenges.Common.csproj", "{B2D05EBD-43CC-42EA-BFD1-42D69790A5D8}"
EndProject
Project("{FAE04EC0-301F-11D3-BF4B-00C04F79EFBC}") = "CodinGame.FileMerger", "CodinGame.FileMerger\CodinGame.FileMerger.csproj", "{B544B0B4-7242-40DD-94A1-44391D5DA311}"
EndProject
Project("{FAE04EC0-301F-11D3-BF4B-00C04F79EFBC}") = "CodeALaMode", "CodeALaMode\CodeALaMode.csproj", "{FC46BE63-1009-4B6D-87B9-A84C66ACB6C4}"
EndProject
Project("{FAE04EC0-301F-11D3-BF4B-00C04F79EFBC}") = "CodeVsZombies", "CodeVsZombies\CodeVsZombies.csproj", "{89B11DE3-8B97-478C-8ED6-98FD9FB15963}"
EndProject
Project("{FAE04EC0-301F-11D3-BF4B-00C04F79EFBC}") = "MarsLander", "MarsLander\MarsLander.csproj", "{E3CBE275-BFCD-45A0-8EB0-8DE563FDF2BA}"
EndProject
Project("{FAE04EC0-301F-11D3-BF4B-00C04F79EFBC}") = "HappyNumbers", "HappyNumbers\HappyNumbers.csproj", "{59BD8768-96FE-4CD8-B3CE-A2A805F202B6}"
EndProject
Project("{FAE04EC0-301F-11D3-BF4B-00C04F79EFBC}") = "HappyNumbers.Tests", "HappyNumbers.Tests\HappyNumbers.Tests.csproj", "{5911ECDA-6983-43AB-8B98-46EECB33CB0D}"
EndProject
Project("{FAE04EC0-301F-11D3-BF4B-00C04F79EFBC}") = "War", "War\War.csproj", "{EB3CA0A1-E5BE-45A0-82CD-CADC90F6184A}"
EndProject
Project("{FAE04EC0-301F-11D3-BF4B-00C04F79EFBC}") = "War.Tests", "War.Tests\War.Tests.csproj", "{A6336BD1-76A4-402A-93E5-41763D7D3F23}"
EndProject
Global
	GlobalSection(SolutionConfigurationPlatforms) = preSolution
		Debug|Any CPU = Debug|Any CPU
		Release|Any CPU = Release|Any CPU
	EndGlobalSection
	GlobalSection(ProjectConfigurationPlatforms) = postSolution
		{BE5B0994-4980-4A2F-AE78-DD93B9E3D6A3}.Debug|Any CPU.ActiveCfg = Debug|Any CPU
		{BE5B0994-4980-4A2F-AE78-DD93B9E3D6A3}.Debug|Any CPU.Build.0 = Debug|Any CPU
		{BE5B0994-4980-4A2F-AE78-DD93B9E3D6A3}.Release|Any CPU.ActiveCfg = Release|Any CPU
		{BE5B0994-4980-4A2F-AE78-DD93B9E3D6A3}.Release|Any CPU.Build.0 = Release|Any CPU
		{B2D05EBD-43CC-42EA-BFD1-42D69790A5D8}.Debug|Any CPU.ActiveCfg = Debug|Any CPU
		{B2D05EBD-43CC-42EA-BFD1-42D69790A5D8}.Debug|Any CPU.Build.0 = Debug|Any CPU
		{B2D05EBD-43CC-42EA-BFD1-42D69790A5D8}.Release|Any CPU.ActiveCfg = Release|Any CPU
		{B2D05EBD-43CC-42EA-BFD1-42D69790A5D8}.Release|Any CPU.Build.0 = Release|Any CPU
		{B544B0B4-7242-40DD-94A1-44391D5DA311}.Debug|Any CPU.ActiveCfg = Debug|Any CPU
		{B544B0B4-7242-40DD-94A1-44391D5DA311}.Debug|Any CPU.Build.0 = Debug|Any CPU
		{B544B0B4-7242-40DD-94A1-44391D5DA311}.Release|Any CPU.ActiveCfg = Release|Any CPU
		{B544B0B4-7242-40DD-94A1-44391D5DA311}.Release|Any CPU.Build.0 = Release|Any CPU
		{FC46BE63-1009-4B6D-87B9-A84C66ACB6C4}.Debug|Any CPU.ActiveCfg = Debug|Any CPU
		{FC46BE63-1009-4B6D-87B9-A84C66ACB6C4}.Debug|Any CPU.Build.0 = Debug|Any CPU
		{FC46BE63-1009-4B6D-87B9-A84C66ACB6C4}.Release|Any CPU.ActiveCfg = Release|Any CPU
		{FC46BE63-1009-4B6D-87B9-A84C66ACB6C4}.Release|Any CPU.Build.0 = Release|Any CPU
		{89B11DE3-8B97-478C-8ED6-98FD9FB15963}.Debug|Any CPU.ActiveCfg = Debug|Any CPU
		{89B11DE3-8B97-478C-8ED6-98FD9FB15963}.Debug|Any CPU.Build.0 = Debug|Any CPU
		{89B11DE3-8B97-478C-8ED6-98FD9FB15963}.Release|Any CPU.ActiveCfg = Release|Any CPU
		{89B11DE3-8B97-478C-8ED6-98FD9FB15963}.Release|Any CPU.Build.0 = Release|Any CPU
		{E3CBE275-BFCD-45A0-8EB0-8DE563FDF2BA}.Debug|Any CPU.ActiveCfg = Debug|Any CPU
		{E3CBE275-BFCD-45A0-8EB0-8DE563FDF2BA}.Debug|Any CPU.Build.0 = Debug|Any CPU
		{E3CBE275-BFCD-45A0-8EB0-8DE563FDF2BA}.Release|Any CPU.ActiveCfg = Release|Any CPU
		{E3CBE275-BFCD-45A0-8EB0-8DE563FDF2BA}.Release|Any CPU.Build.0 = Release|Any CPU
		{59BD8768-96FE-4CD8-B3CE-A2A805F202B6}.Debug|Any CPU.ActiveCfg = Debug|Any CPU
		{59BD8768-96FE-4CD8-B3CE-A2A805F202B6}.Debug|Any CPU.Build.0 = Debug|Any CPU
		{59BD8768-96FE-4CD8-B3CE-A2A805F202B6}.Release|Any CPU.ActiveCfg = Release|Any CPU
		{59BD8768-96FE-4CD8-B3CE-A2A805F202B6}.Release|Any CPU.Build.0 = Release|Any CPU
		{5911ECDA-6983-43AB-8B98-46EECB33CB0D}.Debug|Any CPU.ActiveCfg = Debug|Any CPU
		{5911ECDA-6983-43AB-8B98-46EECB33CB0D}.Debug|Any CPU.Build.0 = Debug|Any CPU
		{5911ECDA-6983-43AB-8B98-46EECB33CB0D}.Release|Any CPU.ActiveCfg = Release|Any CPU
		{5911ECDA-6983-43AB-8B98-46EECB33CB0D}.Release|Any CPU.Build.0 = Release|Any CPU
		{EB3CA0A1-E5BE-45A0-82CD-CADC90F6184A}.Debug|Any CPU.ActiveCfg = Debug|Any CPU
		{EB3CA0A1-E5BE-45A0-82CD-CADC90F6184A}.Debug|Any CPU.Build.0 = Debug|Any CPU
		{EB3CA0A1-E5BE-45A0-82CD-CADC90F6184A}.Release|Any CPU.ActiveCfg = Release|Any CPU
		{EB3CA0A1-E5BE-45A0-82CD-CADC90F6184A}.Release|Any CPU.Build.0 = Release|Any CPU
		{A6336BD1-76A4-402A-93E5-41763D7D3F23}.Debug|Any CPU.ActiveCfg = Debug|Any CPU
		{A6336BD1-76A4-402A-93E5-41763D7D3F23}.Debug|Any CPU.Build.0 = Debug|Any CPU
		{A6336BD1-76A4-402A-93E5-41763D7D3F23}.Release|Any CPU.ActiveCfg = Release|Any CPU
		{A6336BD1-76A4-402A-93E5-41763D7D3F23}.Release|Any CPU.Build.0 = Release|Any CPU
	EndGlobalSection
	GlobalSection(SolutionProperties) = preSolution
		HideSolutionNode = FALSE
	EndGlobalSection
	GlobalSection(ExtensibilityGlobals) = postSolution
		SolutionGuid = {F8877F04-6886-43F7-94FB-5A2669665D28}
	EndGlobalSection
EndGlobal
